{
  "version": 4,
  "terraform_version": "1.1.9",
  "serial": 70,
  "lineage": "7c728fd8-e733-427b-3a79-41f972873a2b",
  "outputs": {},
  "resources": [
    {
      "mode": "managed",
      "type": "proxmox_vm_qemu",
      "name": "master",
      "provider": "provider[\"registry.terraform.io/telmate/proxmox\"]",
      "instances": [
        {
          "index_key": 0,
          "status": "tainted",
          "schema_version": 0,
          "attributes": {
            "additional_wait": 15,
            "agent": 1,
            "args": "",
            "balloon": 0,
            "bios": "seabios",
            "boot": "cdn",
            "bootdisk": "scsi0",
            "bridge": "",
            "ci_wait": null,
            "cicustom": "",
            "cipassword": "",
            "ciuser": "",
            "clone": "k8s-temp",
            "clone_wait": 15,
            "cloudinit_cdrom_storage": null,
            "cores": 2,
            "cpu": "host",
            "default_ipv4_address": "",
            "define_connection_info": true,
            "desc": "",
            "disk": [
              {
                "backup": 0,
                "cache": "none",
                "discard": "",
                "file": "vm-114-disk-0",
                "format": "raw",
                "iothread": 1,
                "mbps": 0,
                "mbps_rd": 0,
                "mbps_rd_max": 0,
                "mbps_wr": 0,
                "mbps_wr_max": 0,
                "media": "",
                "replicate": 0,
                "size": "20G",
                "slot": 0,
                "ssd": 0,
                "storage": "local-lvm",
                "storage_type": "lvmthin",
                "type": "scsi",
                "volume": "local-lvm:vm-114-disk-0"
              }
            ],
            "disk_gb": 0,
            "force_create": false,
            "force_recreate_on_change_of": null,
            "full_clone": true,
            "guest_agent_ready_timeout": 600,
            "hastate": "",
            "hotplug": "network,disk,usb",
            "id": "trdevopsprox/qemu/114",
            "ipconfig0": "ip=10.100.129.204/24,gw=10.100.129.1",
            "ipconfig1": "",
            "ipconfig2": "",
            "iso": null,
            "kvm": true,
            "mac": "",
            "memory": 2048,
            "name": "k8s-master",
            "nameserver": "",
            "network": [
              {
                "bridge": "vmbr0",
                "firewall": false,
                "link_down": false,
                "macaddr": "B2:B5:57:F6:D4:56",
                "model": "virtio",
                "queues": 0,
                "rate": 0,
                "tag": -1
              }
            ],
            "nic": "",
            "numa": false,
            "onboot": true,
            "os_network_config": null,
            "os_type": "cloud-init",
            "pool": "",
            "preprovision": true,
            "qemu_os": "l26",
            "reboot_required": false,
            "scsihw": "virtio-scsi-pci",
            "searchdomain": "",
            "serial": [],
            "sockets": 1,
            "ssh_forward_ip": null,
            "ssh_host": "10.100.129.204",
            "ssh_port": "22",
            "ssh_private_key": null,
            "ssh_user": null,
            "sshkeys": "  ssh-rsa AAAAB3NzaC1yc2EAAAADAQABAAABgQDDSKAUM9ScAdFmQLZONsfqOx4TPFHkq4J8kGWIkd2DNPk3wRL7h1tRxjd6TPQWQSaHmMBm3niOpqrbEs2rCMJFdWxb2TxJePxD/hlLmmDkw70/axZNn7GLnecnvsKooyUqPGnkod3QF+ubZO49Tes6MZB4e3t4n0qMj+jrQISfp6YDJhDlkxeKInFPrNYwaLGwVIDoV31fLB8rbfpTYdf73l4gpXvzxsTxpnWQTeJXKpyR93Cogq75nvQ3sRFtzaUSq6RN4DmRjsMWM//YL/LEMTQbuGlsWAB6ARUtG8ZIiWJ8SbE8/1EsfITBN5ACgIIRPwlxLVvDpb+Hzoud++fSGmE2WeAYPkHcUMqsJT/jodj3G95ZW0t7Sd8OCIpIQr7xMooMVtMRW9LFe9ypFopjdhHYsxnKr1jFxobrEMkSTLYGpiBWiRwXPJKXUz1PS3EQteHRZvFJ7s7LXgwo4qm1KDgttFifMdFZtHt+4Q6Q+n2oc3sG5ZrmqFLt/Fb6rQs= ugurm@ugurm-HP-ProBook-450-G5\n\n",
            "storage": "",
            "storage_type": "",
            "tags": "",
            "target_node": "trdevopsprox",
            "unused_disk": [],
            "vcpus": 0,
            "vga": [],
            "vlan": -1,
            "vmid": null
          },
          "sensitive_attributes": [],
          "private": "bnVsbA=="
        }
      ]
    },
    {
      "mode": "managed",
      "type": "proxmox_vm_qemu",
      "name": "slave",
      "provider": "provider[\"registry.terraform.io/telmate/proxmox\"]",
      "instances": [
        {
          "index_key": 0,
          "status": "tainted",
          "schema_version": 0,
          "attributes": {
            "additional_wait": 15,
            "agent": 1,
            "args": "",
            "balloon": 0,
            "bios": "seabios",
            "boot": "cdn",
            "bootdisk": "scsi0",
            "bridge": "",
            "ci_wait": null,
            "cicustom": "",
            "cipassword": "",
            "ciuser": "",
            "clone": "k8s-temp",
            "clone_wait": 15,
            "cloudinit_cdrom_storage": null,
            "cores": 2,
            "cpu": "host",
            "default_ipv4_address": "",
            "define_connection_info": true,
            "desc": "",
            "disk": [
              {
                "backup": 0,
                "cache": "none",
                "discard": "",
                "file": "vm-115-disk-0",
                "format": "raw",
                "iothread": 1,
                "mbps": 0,
                "mbps_rd": 0,
                "mbps_rd_max": 0,
                "mbps_wr": 0,
                "mbps_wr_max": 0,
                "media": "",
                "replicate": 0,
                "size": "20G",
                "slot": 0,
                "ssd": 0,
                "storage": "local-lvm",
                "storage_type": "lvmthin",
                "type": "scsi",
                "volume": "local-lvm:vm-115-disk-0"
              }
            ],
            "disk_gb": 0,
            "force_create": false,
            "force_recreate_on_change_of": null,
            "full_clone": true,
            "guest_agent_ready_timeout": 600,
            "hastate": "",
            "hotplug": "network,disk,usb",
            "id": "trdevopsprox/qemu/115",
            "ipconfig0": "ip=10.100.129.205/24,gw=10.100.129.1",
            "ipconfig1": "",
            "ipconfig2": "",
            "iso": null,
            "kvm": true,
            "mac": "",
            "memory": 4096,
            "name": "k8s-slave-1",
            "nameserver": "",
            "network": [
              {
                "bridge": "vmbr0",
                "firewall": false,
                "link_down": false,
                "macaddr": "02:CB:77:0A:35:FE",
                "model": "virtio",
                "queues": 0,
                "rate": 0,
                "tag": -1
              }
            ],
            "nic": "",
            "numa": false,
            "onboot": true,
            "os_network_config": null,
            "os_type": "cloud-init",
            "pool": "",
            "preprovision": true,
            "qemu_os": "l26",
            "reboot_required": false,
            "scsihw": "virtio-scsi-pci",
            "searchdomain": "",
            "serial": [],
            "sockets": 1,
            "ssh_forward_ip": null,
            "ssh_host": "10.100.129.205",
            "ssh_port": "22",
            "ssh_private_key": null,
            "ssh_user": null,
            "sshkeys": "  ssh-rsa AAAAB3NzaC1yc2EAAAADAQABAAABgQDDSKAUM9ScAdFmQLZONsfqOx4TPFHkq4J8kGWIkd2DNPk3wRL7h1tRxjd6TPQWQSaHmMBm3niOpqrbEs2rCMJFdWxb2TxJePxD/hlLmmDkw70/axZNn7GLnecnvsKooyUqPGnkod3QF+ubZO49Tes6MZB4e3t4n0qMj+jrQISfp6YDJhDlkxeKInFPrNYwaLGwVIDoV31fLB8rbfpTYdf73l4gpXvzxsTxpnWQTeJXKpyR93Cogq75nvQ3sRFtzaUSq6RN4DmRjsMWM//YL/LEMTQbuGlsWAB6ARUtG8ZIiWJ8SbE8/1EsfITBN5ACgIIRPwlxLVvDpb+Hzoud++fSGmE2WeAYPkHcUMqsJT/jodj3G95ZW0t7Sd8OCIpIQr7xMooMVtMRW9LFe9ypFopjdhHYsxnKr1jFxobrEMkSTLYGpiBWiRwXPJKXUz1PS3EQteHRZvFJ7s7LXgwo4qm1KDgttFifMdFZtHt+4Q6Q+n2oc3sG5ZrmqFLt/Fb6rQs= ugurm@ugurm-HP-ProBook-450-G5\n\n",
            "storage": "",
            "storage_type": "",
            "tags": "",
            "target_node": "trdevopsprox",
            "unused_disk": [],
            "vcpus": 0,
            "vga": [],
            "vlan": -1,
            "vmid": null
          },
          "sensitive_attributes": [],
          "private": "bnVsbA=="
        },
        {
          "index_key": 1,
          "status": "tainted",
          "schema_version": 0,
          "attributes": {
            "additional_wait": 15,
            "agent": 1,
            "args": "",
            "balloon": 0,
            "bios": "seabios",
            "boot": "cdn",
            "bootdisk": "scsi0",
            "bridge": "",
            "ci_wait": null,
            "cicustom": "",
            "cipassword": "",
            "ciuser": "",
            "clone": "k8s-temp",
            "clone_wait": 15,
            "cloudinit_cdrom_storage": null,
            "cores": 2,
            "cpu": "host",
            "default_ipv4_address": "",
            "define_connection_info": true,
            "desc": "",
            "disk": [
              {
                "backup": 0,
                "cache": "none",
                "discard": "",
                "file": "vm-116-disk-1",
                "format": "raw",
                "iothread": 1,
                "mbps": 0,
                "mbps_rd": 0,
                "mbps_rd_max": 0,
                "mbps_wr": 0,
                "mbps_wr_max": 0,
                "media": "",
                "replicate": 0,
                "size": "20G",
                "slot": 0,
                "ssd": 0,
                "storage": "local-lvm",
                "storage_type": "lvmthin",
                "type": "scsi",
                "volume": "local-lvm:vm-116-disk-1"
              }
            ],
            "disk_gb": 0,
            "force_create": false,
            "force_recreate_on_change_of": null,
            "full_clone": true,
            "guest_agent_ready_timeout": 600,
            "hastate": "",
            "hotplug": "network,disk,usb",
            "id": "trdevopsprox/qemu/116",
            "ipconfig0": "ip=10.100.129.206/24,gw=10.100.129.1",
            "ipconfig1": "",
            "ipconfig2": "",
            "iso": null,
            "kvm": true,
            "mac": "",
            "memory": 4096,
            "name": "k8s-slave-2",
            "nameserver": "",
            "network": [
              {
                "bridge": "vmbr0",
                "firewall": false,
                "link_down": false,
                "macaddr": "5E:35:18:B5:48:9F",
                "model": "virtio",
                "queues": 0,
                "rate": 0,
                "tag": -1
              }
            ],
            "nic": "",
            "numa": false,
            "onboot": true,
            "os_network_config": null,
            "os_type": "cloud-init",
            "pool": "",
            "preprovision": true,
            "qemu_os": "l26",
            "reboot_required": false,
            "scsihw": "virtio-scsi-pci",
            "searchdomain": "",
            "serial": [],
            "sockets": 1,
            "ssh_forward_ip": null,
            "ssh_host": "10.100.129.206",
            "ssh_port": "22",
            "ssh_private_key": null,
            "ssh_user": null,
            "sshkeys": "  ssh-rsa AAAAB3NzaC1yc2EAAAADAQABAAABgQDDSKAUM9ScAdFmQLZONsfqOx4TPFHkq4J8kGWIkd2DNPk3wRL7h1tRxjd6TPQWQSaHmMBm3niOpqrbEs2rCMJFdWxb2TxJePxD/hlLmmDkw70/axZNn7GLnecnvsKooyUqPGnkod3QF+ubZO49Tes6MZB4e3t4n0qMj+jrQISfp6YDJhDlkxeKInFPrNYwaLGwVIDoV31fLB8rbfpTYdf73l4gpXvzxsTxpnWQTeJXKpyR93Cogq75nvQ3sRFtzaUSq6RN4DmRjsMWM//YL/LEMTQbuGlsWAB6ARUtG8ZIiWJ8SbE8/1EsfITBN5ACgIIRPwlxLVvDpb+Hzoud++fSGmE2WeAYPkHcUMqsJT/jodj3G95ZW0t7Sd8OCIpIQr7xMooMVtMRW9LFe9ypFopjdhHYsxnKr1jFxobrEMkSTLYGpiBWiRwXPJKXUz1PS3EQteHRZvFJ7s7LXgwo4qm1KDgttFifMdFZtHt+4Q6Q+n2oc3sG5ZrmqFLt/Fb6rQs= ugurm@ugurm-HP-ProBook-450-G5\n\n",
            "storage": "",
            "storage_type": "",
            "tags": "",
            "target_node": "trdevopsprox",
            "unused_disk": [],
            "vcpus": 0,
            "vga": [],
            "vlan": -1,
            "vmid": null
          },
          "sensitive_attributes": [],
          "private": "bnVsbA=="
        }
      ]
    }
  ]
}
